<Solution>
  <Folder Name="/Documentation/">
    <File Path="docs/ARCHITECTURE.md" />
    <File Path="docs/KNOWN-LIMITATIONS.md" />
    <File Path="docs/SECURITY-MODEL.md" />
    <File Path="docs/VAULT-FORMAT.md" />
    <File Path="README.md" />
  </Folder>
  <Project Path="Cripty.Application.Tests/Cripty.Application.Tests.csproj" Id="a1d1ebef-fba4-4211-9c07-7897ccd545eb" />
  <Project Path="Cripty.Application/Cripty.Application.csproj" />
  <Project Path="Cripty.Core/Cripty.Core.csproj" />
  <Project Path="Cripty.Cryptography.Tests/Cripty.Cryptography.Tests.csproj" />
  <Project Path="Cripty.Cryptography/Cripty.Cryptography.csproj" />
  <Project Path="Cripty.Storage.Tests/Cripty.Storage.Tests.csproj" Id="b716fe4f-56c4-44ee-b08c-9117c5912671" />
  <Project Path="Cripty.Storage/Cripty.Storage.csproj" />
  <Project Path="Cripty.Tests/Cripty.Tests.csproj" />
  <Project Path="Cripty/Cripty.csproj" />
</Solution>
